
Microsoft Visual Studio Solution File, Format Version 12.00
# Visual Studio Version 17
VisualStudioVersion = 17.7.34018.315
MinimumVisualStudioVersion = 10.0.40219.1
Project("{FAE04EC0-301F-11D3-BF4B-00C04F79EFBC}") = "FinanceTracker", "FinanceTracker\FinanceTracker.csproj", "{C11B5F56-6B49-4D55-8B40-EA1DB9F3032B}"
EndProject
Global
	GlobalSection(SolutionConfigurationPlatforms) = preSolution
		Debug|Any CPU = Debug|Any CPU
		Release|Any CPU = Release|Any CPU
	EndGlobalSection
	GlobalSection(ProjectConfigurationPlatforms) = postSolution
		{C11B5F56-6B49-4D55-8B40-EA1DB9F3032B}.Debug|Any CPU.ActiveCfg = Debug|Any CPU
		{C11B5F56-6B49-4D55-8B40-EA1DB9F3032B}.Debug|Any CPU.Build.0 = Debug|Any CPU
		{C11B5F56-6B49-4D55-8B40-EA1DB9F3032B}.Debug|Any CPU.Deploy.0 = Debug|Any CPU
		{C11B5F56-6B49-4D55-8B40-EA1DB9F3032B}.Release|Any CPU.ActiveCfg = Release|Any CPU
		{C11B5F56-6B49-4D55-8B40-EA1DB9F3032B}.Release|Any CPU.Build.0 = Release|Any CPU
		{C11B5F56-6B49-4D55-8B40-EA1DB9F3032B}.Release|Any CPU.Deploy.0 = Release|Any CPU
	EndGlobalSection
	GlobalSection(SolutionProperties) = preSolution
		HideSolutionNode = FALSE
	EndGlobalSection
	GlobalSection(ExtensibilityGlobals) = postSolution
		SolutionGuid = {22ABE58F-A3D2-455B-B523-1CD531D47F50}
	EndGlobalSection
EndGlobal
